PODS:
  - Flutter (1.0.0)
  - Sahha (1.3.1)
  - sahha_flutter (1.3.1):
    - Flutter
    - Sahha (= 1.3.1)

DEPENDENCIES:
  - Flutter (from `Flutter`)
  - sahha_flutter (from `.symlinks/plugins/sahha_flutter/ios`)

SPEC REPOS:
  trunk:
    - Sahha

EXTERNAL SOURCES:
  Flutter:
    :path: Flutter
  sahha_flutter:
    :path: ".symlinks/plugins/sahha_flutter/ios"

SPEC CHECKSUMS:
  Flutter: cabc95a1d2626b1b06e7179b784ebcf0c0cde467
  Sahha: 7248dc76791728acb6d6cf2289435aeac348e1ab
  sahha_flutter: 6df4fd8da8ab5b5e861ca9cfe9f734c78281034d

PODFILE CHECKSUM: e553dfb6cfcee74b76ac9eeacc1f4e5d8c8c994c

COCOAPODS: 1.16.2
