PODS:
  - Flutter (1.0.0)
  - Sahha (1.4.0-beta.2)
  - sahha_flutter (1.4.0-beta.2):
    - Flutter
    - Sahha (= 1.4.0-beta.2)

DEPENDENCIES:
  - Flutter (from `Flutter`)
  - Sahha (from `../../../sahha-ios/`)
  - sahha_flutter (from `.symlinks/plugins/sahha_flutter/ios`)

EXTERNAL SOURCES:
  Flutter:
    :path: Flutter
  Sahha:
    :path: "../../../sahha-ios/"
  sahha_flutter:
    :path: ".symlinks/plugins/sahha_flutter/ios"

SPEC CHECKSUMS:
  Flutter: cabc95a1d2626b1b06e7179b784ebcf0c0cde467
  Sahha: 4c76bc33ab9e1e1e6f7800e3b400c8887df96961
  sahha_flutter: 593d8d998464d133e4fa307be5a2894e5e77f39e

PODFILE CHECKSUM: 50bd107bfd465dfc9d20ac85ae51851090647eb0

COCOAPODS: 1.16.2
